
Microsoft Visual Studio Solution File, Format Version 12.00
# Visual Studio Version 17
VisualStudioVersion = 17.0.31903.59
MinimumVisualStudioVersion = 10.0.40219.1
Project("{FAE04EC0-301F-11D3-BF4B-00C04F79EFBC}") = "WinSystems.Challenge.Core", "src\WinSystems.Challenge.Core\WinSystems.Challenge.Core.csproj", "{D15D1BF8-C8C3-4C14-A47A-D6A115E98304}"
EndProject
Project("{2150E333-8FDC-42A3-9474-1A3956D46DE8}") = "src", "src", "{BB7F59E1-A126-409D-B744-6E34C752DDF0}"
EndProject
Project("{FAE04EC0-301F-11D3-BF4B-00C04F79EFBC}") = "WinSystems.Challenge.Test", "src\WinSystems.Challenge.Test\WinSystems.Challenge.Test.csproj", "{A4DA5EC0-A1FA-4A60-8A2B-9B49B4A21F11}"
EndProject
Global
	GlobalSection(SolutionConfigurationPlatforms) = preSolution
		Debug|Any CPU = Debug|Any CPU
		Release|Any CPU = Release|Any CPU
	EndGlobalSection
	GlobalSection(SolutionProperties) = preSolution
		HideSolutionNode = FALSE
	EndGlobalSection
	GlobalSection(ProjectConfigurationPlatforms) = postSolution
		{D15D1BF8-C8C3-4C14-A47A-D6A115E98304}.Debug|Any CPU.ActiveCfg = Debug|Any CPU
		{D15D1BF8-C8C3-4C14-A47A-D6A115E98304}.Debug|Any CPU.Build.0 = Debug|Any CPU
		{D15D1BF8-C8C3-4C14-A47A-D6A115E98304}.Release|Any CPU.ActiveCfg = Release|Any CPU
		{D15D1BF8-C8C3-4C14-A47A-D6A115E98304}.Release|Any CPU.Build.0 = Release|Any CPU
		{A4DA5EC0-A1FA-4A60-8A2B-9B49B4A21F11}.Debug|Any CPU.ActiveCfg = Debug|Any CPU
		{A4DA5EC0-A1FA-4A60-8A2B-9B49B4A21F11}.Debug|Any CPU.Build.0 = Debug|Any CPU
		{A4DA5EC0-A1FA-4A60-8A2B-9B49B4A21F11}.Release|Any CPU.ActiveCfg = Release|Any CPU
		{A4DA5EC0-A1FA-4A60-8A2B-9B49B4A21F11}.Release|Any CPU.Build.0 = Release|Any CPU
	EndGlobalSection
	GlobalSection(NestedProjects) = preSolution
		{A4DA5EC0-A1FA-4A60-8A2B-9B49B4A21F11} = {BB7F59E1-A126-409D-B744-6E34C752DDF0}
		{D15D1BF8-C8C3-4C14-A47A-D6A115E98304} = {BB7F59E1-A126-409D-B744-6E34C752DDF0}
	EndGlobalSection
EndGlobal
